
Microsoft Visual Studio Solution File, Format Version 12.00
# Visual Studio Version 17
VisualStudioVersion = 17.6.33815.320
MinimumVisualStudioVersion = 10.0.40219.1
Project("{FAE04EC0-301F-11D3-BF4B-00C04F79EFBC}") = "ApiGames", "ApiGames.csproj", "{56E3C754-D77A-4E5F-A4FA-9123DD3AE45D}"
EndProject
Global
	GlobalSection(SolutionConfigurationPlatforms) = preSolution
		Debug|Any CPU = Debug|Any CPU
		Release|Any CPU = Release|Any CPU
	EndGlobalSection
	GlobalSection(ProjectConfigurationPlatforms) = postSolution
		{56E3C754-D77A-4E5F-A4FA-9123DD3AE45D}.Debug|Any CPU.ActiveCfg = Debug|Any CPU
		{56E3C754-D77A-4E5F-A4FA-9123DD3AE45D}.Debug|Any CPU.Build.0 = Debug|Any CPU
		{56E3C754-D77A-4E5F-A4FA-9123DD3AE45D}.Release|Any CPU.ActiveCfg = Release|Any CPU
		{56E3C754-D77A-4E5F-A4FA-9123DD3AE45D}.Release|Any CPU.Build.0 = Release|Any CPU
	EndGlobalSection
	GlobalSection(SolutionProperties) = preSolution
		HideSolutionNode = FALSE
	EndGlobalSection
	GlobalSection(ExtensibilityGlobals) = postSolution
		SolutionGuid = {24DCAD0D-B5A0-41E3-90EE-54D8454C99FB}
	EndGlobalSection
EndGlobal
